
Microsoft Visual Studio Solution File, Format Version 12.00
# Visual Studio Version 17
VisualStudioVersion = 17.7.34031.279
MinimumVisualStudioVersion = 10.0.40219.1
Project("{FAE04EC0-301F-11D3-BF4B-00C04F79EFBC}") = "HelloCS", "HelloCS\HelloCS.csproj", "{F7AAA516-05B8-4B63-9591-7AD4C5562DF4}"
EndProject
Project("{FAE04EC0-301F-11D3-BF4B-00C04F79EFBC}") = "AboutMyEnvironment", "AboutMyEnvironment\AboutMyEnvironment.csproj", "{DCEC4244-8DD5-406F-BCA9-0099BA9607FF}"
EndProject
Global
	GlobalSection(SolutionConfigurationPlatforms) = preSolution
		Debug|Any CPU = Debug|Any CPU
		Release|Any CPU = Release|Any CPU
	EndGlobalSection
	GlobalSection(ProjectConfigurationPlatforms) = postSolution
		{F7AAA516-05B8-4B63-9591-7AD4C5562DF4}.Debug|Any CPU.ActiveCfg = Debug|Any CPU
		{F7AAA516-05B8-4B63-9591-7AD4C5562DF4}.Debug|Any CPU.Build.0 = Debug|Any CPU
		{F7AAA516-05B8-4B63-9591-7AD4C5562DF4}.Release|Any CPU.ActiveCfg = Release|Any CPU
		{F7AAA516-05B8-4B63-9591-7AD4C5562DF4}.Release|Any CPU.Build.0 = Release|Any CPU
		{DCEC4244-8DD5-406F-BCA9-0099BA9607FF}.Debug|Any CPU.ActiveCfg = Debug|Any CPU
		{DCEC4244-8DD5-406F-BCA9-0099BA9607FF}.Debug|Any CPU.Build.0 = Debug|Any CPU
		{DCEC4244-8DD5-406F-BCA9-0099BA9607FF}.Release|Any CPU.ActiveCfg = Release|Any CPU
		{DCEC4244-8DD5-406F-BCA9-0099BA9607FF}.Release|Any CPU.Build.0 = Release|Any CPU
	EndGlobalSection
	GlobalSection(SolutionProperties) = preSolution
		HideSolutionNode = FALSE
	EndGlobalSection
	GlobalSection(ExtensibilityGlobals) = postSolution
		SolutionGuid = {A8DAF2C3-5562-4F68-897C-3FF965966F63}
	EndGlobalSection
EndGlobal
